
Microsoft Visual Studio Solution File, Format Version 12.00
# Visual Studio Version 17
VisualStudioVersion = 17.4.33110.190
MinimumVisualStudioVersion = 10.0.40219.1
Project("{9A19103F-16F7-4668-BE54-9A1E7A4F7556}") = "Staging_Web", "Staging_Web\Staging_Web.csproj", "{9FA477F6-23F4-4525-B63D-27D7928E6C50}"
EndProject
Project("{9A19103F-16F7-4668-BE54-9A1E7A4F7556}") = "Staging_App", "Staging_App\Staging_App.csproj", "{0ADD349D-7483-413E-B30B-D810BDAB02CD}"
EndProject
Project("{9A19103F-16F7-4668-BE54-9A1E7A4F7556}") = "Staging_Data_Access", "Staging_Data_Access\Staging_Data_Access.csproj", "{D4A1DA99-B045-43CC-9C07-C4494B007FF6}"
EndProject
Global
	GlobalSection(SolutionConfigurationPlatforms) = preSolution
		Debug|Any CPU = Debug|Any CPU
		Release|Any CPU = Release|Any CPU
	EndGlobalSection
	GlobalSection(ProjectConfigurationPlatforms) = postSolution
		{9FA477F6-23F4-4525-B63D-27D7928E6C50}.Debug|Any CPU.ActiveCfg = Debug|Any CPU
		{9FA477F6-23F4-4525-B63D-27D7928E6C50}.Debug|Any CPU.Build.0 = Debug|Any CPU
		{9FA477F6-23F4-4525-B63D-27D7928E6C50}.Release|Any CPU.ActiveCfg = Release|Any CPU
		{9FA477F6-23F4-4525-B63D-27D7928E6C50}.Release|Any CPU.Build.0 = Release|Any CPU
		{0ADD349D-7483-413E-B30B-D810BDAB02CD}.Debug|Any CPU.ActiveCfg = Debug|Any CPU
		{0ADD349D-7483-413E-B30B-D810BDAB02CD}.Debug|Any CPU.Build.0 = Debug|Any CPU
		{0ADD349D-7483-413E-B30B-D810BDAB02CD}.Release|Any CPU.ActiveCfg = Release|Any CPU
		{0ADD349D-7483-413E-B30B-D810BDAB02CD}.Release|Any CPU.Build.0 = Release|Any CPU
		{D4A1DA99-B045-43CC-9C07-C4494B007FF6}.Debug|Any CPU.ActiveCfg = Debug|Any CPU
		{D4A1DA99-B045-43CC-9C07-C4494B007FF6}.Debug|Any CPU.Build.0 = Debug|Any CPU
		{D4A1DA99-B045-43CC-9C07-C4494B007FF6}.Release|Any CPU.ActiveCfg = Release|Any CPU
		{D4A1DA99-B045-43CC-9C07-C4494B007FF6}.Release|Any CPU.Build.0 = Release|Any CPU
	EndGlobalSection
	GlobalSection(SolutionProperties) = preSolution
		HideSolutionNode = FALSE
	EndGlobalSection
	GlobalSection(ExtensibilityGlobals) = postSolution
		SolutionGuid = {6D55445E-BDD1-4EA8-8D21-EBF432E1E2A4}
	EndGlobalSection
EndGlobal
